
Microsoft Visual Studio Solution File, Format Version 12.00
# Visual Studio 15
VisualStudioVersion = 15.0.28010.2036
MinimumVisualStudioVersion = 10.0.40219.1
Project("{FAE04EC0-301F-11D3-BF4B-00C04F79EFBC}") = "SkipChip", "SkipChip\SkipChip.csproj", "{214BA9C0-72A8-4DAE-90E4-B0049F2415CD}"
EndProject
Global
	GlobalSection(SolutionConfigurationPlatforms) = preSolution
		Debug|Any CPU = Debug|Any CPU
		Release|Any CPU = Release|Any CPU
	EndGlobalSection
	GlobalSection(ProjectConfigurationPlatforms) = postSolution
		{214BA9C0-72A8-4DAE-90E4-B0049F2415CD}.Debug|Any CPU.ActiveCfg = Debug|Any CPU
		{214BA9C0-72A8-4DAE-90E4-B0049F2415CD}.Debug|Any CPU.Build.0 = Debug|Any CPU
		{214BA9C0-72A8-4DAE-90E4-B0049F2415CD}.Release|Any CPU.ActiveCfg = Release|Any CPU
		{214BA9C0-72A8-4DAE-90E4-B0049F2415CD}.Release|Any CPU.Build.0 = Release|Any CPU
	EndGlobalSection
	GlobalSection(SolutionProperties) = preSolution
		HideSolutionNode = FALSE
	EndGlobalSection
	GlobalSection(ExtensibilityGlobals) = postSolution
		SolutionGuid = {243CB94C-70E4-4C43-A249-BF686956B79F}
	EndGlobalSection
EndGlobal
